// !$*UTF8*$!
{
	archiveVersion = 1;
	classes = {
	};
	objectVersion = 50;
	objects = {

/* Begin PBXBuildFile section */
		4C2C3CA824D9BB7500AC3E65 /* ScaleScreen.swift in Sources */ = {isa = PBXBuildFile; fileRef = 4C2C3CA724D9BB7500AC3E65 /* ScaleScreen.swift */; };
		4C2DA84724C73D440045BAD7 /* AppDelegate.swift in Sources */ = {isa = PBXBuildFile; fileRef = 4C2DA84624C73D440045BAD7 /* AppDelegate.swift */; };
		4C2DA84924C73D440045BAD7 /* SceneDelegate.swift in Sources */ = {isa = PBXBuildFile; fileRef = 4C2DA84824C73D440045BAD7 /* SceneDelegate.swift */; };
		4C2DA84B24C73D440045BAD7 /* ScanScreen.swift in Sources */ = {isa = PBXBuildFile; fileRef = 4C2DA84A24C73D440045BAD7 /* ScanScreen.swift */; };
		4C2DA84D24C73D470045BAD7 /* Assets.xcassets in Resources */ = {isa = PBXBuildFile; fileRef = 4C2DA84C24C73D470045BAD7 /* Assets.xcassets */; };
		4C2DA85024C73D470045BAD7 /* Preview Assets.xcassets in Resources */ = {isa = PBXBuildFile; fileRef = 4C2DA84F24C73D470045BAD7 /* Preview Assets.xcassets */; };
		4C2DA85324C73D470045BAD7 /* LaunchScreen.storyboard in Resources */ = {isa = PBXBuildFile; fileRef = 4C2DA85124C73D470045BAD7 /* LaunchScreen.storyboard */; };
		4C2DA85E24C73D470045BAD7 /* BLE_DemoTests.swift in Sources */ = {isa = PBXBuildFile; fileRef = 4C2DA85D24C73D470045BAD7 /* BLE_DemoTests.swift */; };
		4C2DA87524C73F420045BAD7 /* BLEPeripheralManagerFactoryService.swift in Sources */ = {isa = PBXBuildFile; fileRef = 4C2DA86924C73F420045BAD7 /* BLEPeripheralManagerFactoryService.swift */; };
		4C2DA87824C73F420045BAD7 /* BLEFORAScale.swift in Sources */ = {isa = PBXBuildFile; fileRef = 4C2DA86D24C73F420045BAD7 /* BLEFORAScale.swift */; };
		4C2DA87D24C73F420045BAD7 /* BLEPeripheralManagerDelegate.swift in Sources */ = {isa = PBXBuildFile; fileRef = 4C2DA87224C73F420045BAD7 /* BLEPeripheralManagerDelegate.swift */; };
		4C2DA87E24C73F420045BAD7 /* BLEPeripheralManagerFactory.swift in Sources */ = {isa = PBXBuildFile; fileRef = 4C2DA87324C73F420045BAD7 /* BLEPeripheralManagerFactory.swift */; };
		4C2DA88124C865D50045BAD7 /* Notification+.swift in Sources */ = {isa = PBXBuildFile; fileRef = 4C2DA88024C865D50045BAD7 /* Notification+.swift */; };
		4C2DA88624C868460045BAD7 /* BLEManager.swift in Sources */ = {isa = PBXBuildFile; fileRef = 4C2DA88424C868460045BAD7 /* BLEManager.swift */; };
		4C2DA88724C868460045BAD7 /* BLEPeripheralManager.swift in Sources */ = {isa = PBXBuildFile; fileRef = 4C2DA88524C868460045BAD7 /* BLEPeripheralManager.swift */; };
		4C2DA88924C86CBB0045BAD7 /* BLEMeasurement.swift in Sources */ = {isa = PBXBuildFile; fileRef = 4C2DA88824C86CBB0045BAD7 /* BLEMeasurement.swift */; };
		4C2DA88B24C86EA10045BAD7 /* SOAService.swift in Sources */ = {isa = PBXBuildFile; fileRef = 4C2DA88A24C86EA10045BAD7 /* SOAService.swift */; };
		4C2DA88D24C8BA000045BAD7 /* ScaleScreenViewController.swift in Sources */ = {isa = PBXBuildFile; fileRef = 4C2DA88C24C8BA000045BAD7 /* ScaleScreenViewController.swift */; };
		4C62B92124D86378006E58E2 /* WeightScale.swift in Sources */ = {isa = PBXBuildFile; fileRef = 4C62B92024D86378006E58E2 /* WeightScale.swift */; };
		4C62B92524D894B1006E58E2 /* ObservableFoundPeripherals.swift in Sources */ = {isa = PBXBuildFile; fileRef = 4C62B92424D894B1006E58E2 /* ObservableFoundPeripherals.swift */; };
/* End PBXBuildFile section */

/* Begin PBXContainerItemProxy section */
		4C2DA85A24C73D470045BAD7 /* PBXContainerItemProxy */ = {
			isa = PBXContainerItemProxy;
			containerPortal = 4C2DA83B24C73D440045BAD7 /* Project object */;
			proxyType = 1;
			remoteGlobalIDString = 4C2DA84224C73D440045BAD7;
			remoteInfo = "BLE Demo";
		};
/* End PBXContainerItemProxy section */

/* Begin PBXFileReference section */
		4C2C3CA724D9BB7500AC3E65 /* ScaleScreen.swift */ = {isa = PBXFileReference; lastKnownFileType = sourcecode.swift; path = ScaleScreen.swift; sourceTree = "<group>"; };
		4C2DA84324C73D440045BAD7 /* BLE Demo.app */ = {isa = PBXFileReference; explicitFileType = wrapper.application; includeInIndex = 0; path = "BLE Demo.app"; sourceTree = BUILT_PRODUCTS_DIR; };
		4C2DA84624C73D440045BAD7 /* AppDelegate.swift */ = {isa = PBXFileReference; lastKnownFileType = sourcecode.swift; path = AppDelegate.swift; sourceTree = "<group>"; };
		4C2DA84824C73D440045BAD7 /* SceneDelegate.swift */ = {isa = PBXFileReference; lastKnownFileType = sourcecode.swift; path = SceneDelegate.swift; sourceTree = "<group>"; };
		4C2DA84A24C73D440045BAD7 /* ScanScreen.swift */ = {isa = PBXFileReference; lastKnownFileType = sourcecode.swift; path = ScanScreen.swift; sourceTree = "<group>"; };
		4C2DA84C24C73D470045BAD7 /* Assets.xcassets */ = {isa = PBXFileReference; lastKnownFileType = folder.assetcatalog; path = Assets.xcassets; sourceTree = "<group>"; };
		4C2DA84F24C73D470045BAD7 /* Preview Assets.xcassets */ = {isa = PBXFileReference; lastKnownFileType = folder.assetcatalog; path = "Preview Assets.xcassets"; sourceTree = "<group>"; };
		4C2DA85224C73D470045BAD7 /* Base */ = {isa = PBXFileReference; lastKnownFileType = file.storyboard; name = Base; path = Base.lproj/LaunchScreen.storyboard; sourceTree = "<group>"; };
		4C2DA85424C73D470045BAD7 /* Info.plist */ = {isa = PBXFileReference; lastKnownFileType = text.plist.xml; path = Info.plist; sourceTree = "<group>"; };
		4C2DA85924C73D470045BAD7 /* BLE DemoTests.xctest */ = {isa = PBXFileReference; explicitFileType = wrapper.cfbundle; includeInIndex = 0; path = "BLE DemoTests.xctest"; sourceTree = BUILT_PRODUCTS_DIR; };
		4C2DA85D24C73D470045BAD7 /* BLE_DemoTests.swift */ = {isa = PBXFileReference; lastKnownFileType = sourcecode.swift; path = BLE_DemoTests.swift; sourceTree = "<group>"; };
		4C2DA85F24C73D470045BAD7 /* Info.plist */ = {isa = PBXFileReference; lastKnownFileType = text.plist.xml; path = Info.plist; sourceTree = "<group>"; };
		4C2DA86924C73F420045BAD7 /* BLEPeripheralManagerFactoryService.swift */ = {isa = PBXFileReference; fileEncoding = 4; lastKnownFileType = sourcecode.swift; path = BLEPeripheralManagerFactoryService.swift; sourceTree = "<group>"; };
		4C2DA86D24C73F420045BAD7 /* BLEFORAScale.swift */ = {isa = PBXFileReference; fileEncoding = 4; lastKnownFileType = sourcecode.swift; path = BLEFORAScale.swift; sourceTree = "<group>"; };
		4C2DA87224C73F420045BAD7 /* BLEPeripheralManagerDelegate.swift */ = {isa = PBXFileReference; fileEncoding = 4; lastKnownFileType = sourcecode.swift; path = BLEPeripheralManagerDelegate.swift; sourceTree = "<group>"; };
		4C2DA87324C73F420045BAD7 /* BLEPeripheralManagerFactory.swift */ = {isa = PBXFileReference; fileEncoding = 4; lastKnownFileType = sourcecode.swift; path = BLEPeripheralManagerFactory.swift; sourceTree = "<group>"; };
		4C2DA88024C865D50045BAD7 /* Notification+.swift */ = {isa = PBXFileReference; lastKnownFileType = sourcecode.swift; path = "Notification+.swift"; sourceTree = "<group>"; };
		4C2DA88424C868460045BAD7 /* BLEManager.swift */ = {isa = PBXFileReference; fileEncoding = 4; lastKnownFileType = sourcecode.swift; path = BLEManager.swift; sourceTree = "<group>"; };
		4C2DA88524C868460045BAD7 /* BLEPeripheralManager.swift */ = {isa = PBXFileReference; fileEncoding = 4; lastKnownFileType = sourcecode.swift; path = BLEPeripheralManager.swift; sourceTree = "<group>"; };
		4C2DA88824C86CBB0045BAD7 /* BLEMeasurement.swift */ = {isa = PBXFileReference; lastKnownFileType = sourcecode.swift; path = BLEMeasurement.swift; sourceTree = "<group>"; };
		4C2DA88A24C86EA10045BAD7 /* SOAService.swift */ = {isa = PBXFileReference; fileEncoding = 4; lastKnownFileType = sourcecode.swift; path = SOAService.swift; sourceTree = "<group>"; };
		4C2DA88C24C8BA000045BAD7 /* ScaleScreenViewController.swift */ = {isa = PBXFileReference; lastKnownFileType = sourcecode.swift; path = ScaleScreenViewController.swift; sourceTree = "<group>"; };
		4C62B92024D86378006E58E2 /* WeightScale.swift */ = {isa = PBXFileReference; lastKnownFileType = sourcecode.swift; path = WeightScale.swift; sourceTree = "<group>"; };
		4C62B92424D894B1006E58E2 /* ObservableFoundPeripherals.swift */ = {isa = PBXFileReference; fileEncoding = 4; lastKnownFileType = sourcecode.swift; path = ObservableFoundPeripherals.swift; sourceTree = "<group>"; };
/* End PBXFileReference section */

/* Begin PBXFrameworksBuildPhase section */
		4C2DA84024C73D440045BAD7 /* Frameworks */ = {
			isa = PBXFrameworksBuildPhase;
			buildActionMask = 2147483647;
			files = (
			);
			runOnlyForDeploymentPostprocessing = 0;
		};
		4C2DA85624C73D470045BAD7 /* Frameworks */ = {
			isa = PBXFrameworksBuildPhase;
			buildActionMask = 2147483647;
			files = (
			);
			runOnlyForDeploymentPostprocessing = 0;
		};
/* End PBXFrameworksBuildPhase section */

/* Begin PBXGroup section */
		4C2DA83A24C73D440045BAD7 = {
			isa = PBXGroup;
			children = (
				4C2DA84524C73D440045BAD7 /* BLE Demo */,
				4C2DA85C24C73D470045BAD7 /* BLE DemoTests */,
				4C2DA84424C73D440045BAD7 /* Products */,
			);
			sourceTree = "<group>";
		};
		4C2DA84424C73D440045BAD7 /* Products */ = {
			isa = PBXGroup;
			children = (
				4C2DA84324C73D440045BAD7 /* BLE Demo.app */,
				4C2DA85924C73D470045BAD7 /* BLE DemoTests.xctest */,
			);
			name = Products;
			sourceTree = "<group>";
		};
		4C2DA84524C73D440045BAD7 /* BLE Demo */ = {
			isa = PBXGroup;
			children = (
				4C2DA84624C73D440045BAD7 /* AppDelegate.swift */,
				4C2DA84C24C73D470045BAD7 /* Assets.xcassets */,
				4C2DA86824C73F420045BAD7 /* BLE */,
				4C2DA85424C73D470045BAD7 /* Info.plist */,
				4C2DA85124C73D470045BAD7 /* LaunchScreen.storyboard */,
				4C2DA88024C865D50045BAD7 /* Notification+.swift */,
				4C62B92424D894B1006E58E2 /* ObservableFoundPeripherals.swift */,
				4C2DA84E24C73D470045BAD7 /* Preview Content */,
				4C2DA88C24C8BA000045BAD7 /* ScaleScreenViewController.swift */,
				4C2DA84824C73D440045BAD7 /* SceneDelegate.swift */,
				4C2DA88A24C86EA10045BAD7 /* SOAService.swift */,
				4C62B92024D86378006E58E2 /* WeightScale.swift */,
				4C2DA84A24C73D440045BAD7 /* ScanScreen.swift */,
				4C2C3CA724D9BB7500AC3E65 /* ScaleScreen.swift */,
			);
			path = "BLE Demo";
			sourceTree = "<group>";
		};
		4C2DA84E24C73D470045BAD7 /* Preview Content */ = {
			isa = PBXGroup;
			children = (
				4C2DA84F24C73D470045BAD7 /* Preview Assets.xcassets */,
			);
			path = "Preview Content";
			sourceTree = "<group>";
		};
		4C2DA85C24C73D470045BAD7 /* BLE DemoTests */ = {
			isa = PBXGroup;
			children = (
				4C2DA85D24C73D470045BAD7 /* BLE_DemoTests.swift */,
				4C2DA85F24C73D470045BAD7 /* Info.plist */,
			);
			path = "BLE DemoTests";
			sourceTree = "<group>";
		};
		4C2DA86824C73F420045BAD7 /* BLE */ = {
			isa = PBXGroup;
			children = (
				4C2DA88424C868460045BAD7 /* BLEManager.swift */,
				4C2DA88824C86CBB0045BAD7 /* BLEMeasurement.swift */,
				4C2DA88524C868460045BAD7 /* BLEPeripheralManager.swift */,
				4C2DA87224C73F420045BAD7 /* BLEPeripheralManagerDelegate.swift */,
				4C2DA87324C73F420045BAD7 /* BLEPeripheralManagerFactory.swift */,
				4C2DA86924C73F420045BAD7 /* BLEPeripheralManagerFactoryService.swift */,
				4C2DA86B24C73F420045BAD7 /* Peripherals */,
			);
			path = BLE;
			sourceTree = "<group>";
		};
		4C2DA86B24C73F420045BAD7 /* Peripherals */ = {
			isa = PBXGroup;
			children = (
				4C2DA86D24C73F420045BAD7 /* BLEFORAScale.swift */,
			);
			path = Peripherals;
			sourceTree = "<group>";
		};
/* End PBXGroup section */

/* Begin PBXNativeTarget section */
		4C2DA84224C73D440045BAD7 /* BLE Demo */ = {
			isa = PBXNativeTarget;
			buildConfigurationList = 4C2DA86224C73D470045BAD7 /* Build configuration list for PBXNativeTarget "BLE Demo" */;
			buildPhases = (
				4C2DA83F24C73D440045BAD7 /* Sources */,
				4C2DA84024C73D440045BAD7 /* Frameworks */,
				4C2DA84124C73D440045BAD7 /* Resources */,
			);
			buildRules = (
			);
			dependencies = (
			);
			name = "BLE Demo";
			productName = "BLE Demo";
			productReference = 4C2DA84324C73D440045BAD7 /* BLE Demo.app */;
			productType = "com.apple.product-type.application";
		};
		4C2DA85824C73D470045BAD7 /* BLE DemoTests */ = {
			isa = PBXNativeTarget;
			buildConfigurationList = 4C2DA86524C73D470045BAD7 /* Build configuration list for PBXNativeTarget "BLE DemoTests" */;
			buildPhases = (
				4C2DA85524C73D470045BAD7 /* Sources */,
				4C2DA85624C73D470045BAD7 /* Frameworks */,
				4C2DA85724C73D470045BAD7 /* Resources */,
			);
			buildRules = (
			);
			dependencies = (
				4C2DA85B24C73D470045BAD7 /* PBXTargetDependency */,
			);
			name = "BLE DemoTests";
			productName = "BLE DemoTests";
			productReference = 4C2DA85924C73D470045BAD7 /* BLE DemoTests.xctest */;
			productType = "com.apple.product-type.bundle.unit-test";
		};
/* End PBXNativeTarget section */

/* Begin PBXProject section */
		4C2DA83B24C73D440045BAD7 /* Project object */ = {
			isa = PBXProject;
			attributes = {
				LastSwiftUpdateCheck = 1150;
				LastUpgradeCheck = 1150;
				ORGANIZATIONNAME = "Heliotropix, LLC";
				TargetAttributes = {
					4C2DA84224C73D440045BAD7 = {
						CreatedOnToolsVersion = 11.5;
					};
					4C2DA85824C73D470045BAD7 = {
						CreatedOnToolsVersion = 11.5;
						TestTargetID = 4C2DA84224C73D440045BAD7;
					};
				};
			};
			buildConfigurationList = 4C2DA83E24C73D440045BAD7 /* Build configuration list for PBXProject "BLE Demo" */;
			compatibilityVersion = "Xcode 9.3";
			developmentRegion = en;
			hasScannedForEncodings = 0;
			knownRegions = (
				en,
				Base,
			);
			mainGroup = 4C2DA83A24C73D440045BAD7;
			productRefGroup = 4C2DA84424C73D440045BAD7 /* Products */;
			projectDirPath = "";
			projectRoot = "";
			targets = (
				4C2DA84224C73D440045BAD7 /* BLE Demo */,
				4C2DA85824C73D470045BAD7 /* BLE DemoTests */,
			);
		};
/* End PBXProject section */

/* Begin PBXResourcesBuildPhase section */
		4C2DA84124C73D440045BAD7 /* Resources */ = {
			isa = PBXResourcesBuildPhase;
			buildActionMask = 2147483647;
			files = (
				4C2DA85324C73D470045BAD7 /* LaunchScreen.storyboard in Resources */,
				4C2DA85024C73D470045BAD7 /* Preview Assets.xcassets in Resources */,
				4C2DA84D24C73D470045BAD7 /* Assets.xcassets in Resources */,
			);
			runOnlyForDeploymentPostprocessing = 0;
		};
		4C2DA85724C73D470045BAD7 /* Resources */ = {
			isa = PBXResourcesBuildPhase;
			buildActionMask = 2147483647;
			files = (
			);
			runOnlyForDeploymentPostprocessing = 0;
		};
/* End PBXResourcesBuildPhase section */

/* Begin PBXSourcesBuildPhase section */
		4C2DA83F24C73D440045BAD7 /* Sources */ = {
			isa = PBXSourcesBuildPhase;
			buildActionMask = 2147483647;
			files = (
				4C2DA88D24C8BA000045BAD7 /* ScaleScreenViewController.swift in Sources */,
				4C2DA84724C73D440045BAD7 /* AppDelegate.swift in Sources */,
				4C2DA84924C73D440045BAD7 /* SceneDelegate.swift in Sources */,
				4C2DA87E24C73F420045BAD7 /* BLEPeripheralManagerFactory.swift in Sources */,
				4C2C3CA824D9BB7500AC3E65 /* ScaleScreen.swift in Sources */,
				4C2DA88724C868460045BAD7 /* BLEPeripheralManager.swift in Sources */,
				4C2DA87524C73F420045BAD7 /* BLEPeripheralManagerFactoryService.swift in Sources */,
				4C62B92524D894B1006E58E2 /* ObservableFoundPeripherals.swift in Sources */,
				4C62B92124D86378006E58E2 /* WeightScale.swift in Sources */,
				4C2DA84B24C73D440045BAD7 /* ScanScreen.swift in Sources */,
				4C2DA87824C73F420045BAD7 /* BLEFORAScale.swift in Sources */,
				4C2DA88B24C86EA10045BAD7 /* SOAService.swift in Sources */,
				4C2DA87D24C73F420045BAD7 /* BLEPeripheralManagerDelegate.swift in Sources */,
				4C2DA88924C86CBB0045BAD7 /* BLEMeasurement.swift in Sources */,
				4C2DA88624C868460045BAD7 /* BLEManager.swift in Sources */,
				4C2DA88124C865D50045BAD7 /* Notification+.swift in Sources */,
			);
			runOnlyForDeploymentPostprocessing = 0;
		};
		4C2DA85524C73D470045BAD7 /* Sources */ = {
			isa = PBXSourcesBuildPhase;
			buildActionMask = 2147483647;
			files = (
				4C2DA85E24C73D470045BAD7 /* BLE_DemoTests.swift in Sources */,
			);
			runOnlyForDeploymentPostprocessing = 0;
		};
/* End PBXSourcesBuildPhase section */

/* Begin PBXTargetDependency section */
		4C2DA85B24C73D470045BAD7 /* PBXTargetDependency */ = {
			isa = PBXTargetDependency;
			target = 4C2DA84224C73D440045BAD7 /* BLE Demo */;
			targetProxy = 4C2DA85A24C73D470045BAD7 /* PBXContainerItemProxy */;
		};
/* End PBXTargetDependency section */

/* Begin PBXVariantGroup section */
		4C2DA85124C73D470045BAD7 /* LaunchScreen.storyboard */ = {
			isa = PBXVariantGroup;
			children = (
				4C2DA85224C73D470045BAD7 /* Base */,
			);
			name = LaunchScreen.storyboard;
			sourceTree = "<group>";
		};
/* End PBXVariantGroup section */

/* Begin XCBuildConfiguration section */
		4C2DA86024C73D470045BAD7 /* Debug */ = {
			isa = XCBuildConfiguration;
			buildSettings = {
				ALWAYS_SEARCH_USER_PATHS = NO;
				CLANG_ANALYZER_NONNULL = YES;
				CLANG_ANALYZER_NUMBER_OBJECT_CONVERSION = YES_AGGRESSIVE;
				CLANG_CXX_LANGUAGE_STANDARD = "gnu++14";
				CLANG_CXX_LIBRARY = "libc++";
				CLANG_ENABLE_MODULES = YES;
				CLANG_ENABLE_OBJC_ARC = YES;
				CLANG_ENABLE_OBJC_WEAK = YES;
				CLANG_WARN_BLOCK_CAPTURE_AUTORELEASING = YES;
				CLANG_WARN_BOOL_CONVERSION = YES;
				CLANG_WARN_COMMA = YES;
				CLANG_WARN_CONSTANT_CONVERSION = YES;
				CLANG_WARN_DEPRECATED_OBJC_IMPLEMENTATIONS = YES;
				CLANG_WARN_DIRECT_OBJC_ISA_USAGE = YES_ERROR;
				CLANG_WARN_DOCUMENTATION_COMMENTS = YES;
				CLANG_WARN_EMPTY_BODY = YES;
				CLANG_WARN_ENUM_CONVERSION = YES;
				CLANG_WARN_INFINITE_RECURSION = YES;
				CLANG_WARN_INT_CONVERSION = YES;
				CLANG_WARN_NON_LITERAL_NULL_CONVERSION = YES;
				CLANG_WARN_OBJC_IMPLICIT_RETAIN_SELF = YES;
				CLANG_WARN_OBJC_LITERAL_CONVERSION = YES;
				CLANG_WARN_OBJC_ROOT_CLASS = YES_ERROR;
				CLANG_WARN_RANGE_LOOP_ANALYSIS = YES;
				CLANG_WARN_STRICT_PROTOTYPES = YES;
				CLANG_WARN_SUSPICIOUS_MOVE = YES;
				CLANG_WARN_UNGUARDED_AVAILABILITY = YES_AGGRESSIVE;
				CLANG_WARN_UNREACHABLE_CODE = YES;
				CLANG_WARN__DUPLICATE_METHOD_MATCH = YES;
				COPY_PHASE_STRIP = NO;
				DEBUG_INFORMATION_FORMAT = dwarf;
				ENABLE_STRICT_OBJC_MSGSEND = YES;
				ENABLE_TESTABILITY = YES;
				GCC_C_LANGUAGE_STANDARD = gnu11;
				GCC_DYNAMIC_NO_PIC = NO;
				GCC_NO_COMMON_BLOCKS = YES;
				GCC_OPTIMIZATION_LEVEL = 0;
				GCC_PREPROCESSOR_DEFINITIONS = (
					"DEBUG=1",
					"$(inherited)",
				);
				GCC_WARN_64_TO_32_BIT_CONVERSION = YES;
				GCC_WARN_ABOUT_RETURN_TYPE = YES_ERROR;
				GCC_WARN_UNDECLARED_SELECTOR = YES;
				GCC_WARN_UNINITIALIZED_AUTOS = YES_AGGRESSIVE;
				GCC_WARN_UNUSED_FUNCTION = YES;
				GCC_WARN_UNUSED_VARIABLE = YES;
				IPHONEOS_DEPLOYMENT_TARGET = 13.5;
				MTL_ENABLE_DEBUG_INFO = INCLUDE_SOURCE;
				MTL_FAST_MATH = YES;
				ONLY_ACTIVE_ARCH = YES;
				SDKROOT = iphoneos;
				SWIFT_ACTIVE_COMPILATION_CONDITIONS = DEBUG;
				SWIFT_OPTIMIZATION_LEVEL = "-Onone";
			};
			name = Debug;
		};
		4C2DA86124C73D470045BAD7 /* Release */ = {
			isa = XCBuildConfiguration;
			buildSettings = {
				ALWAYS_SEARCH_USER_PATHS = NO;
				CLANG_ANALYZER_NONNULL = YES;
				CLANG_ANALYZER_NUMBER_OBJECT_CONVERSION = YES_AGGRESSIVE;
				CLANG_CXX_LANGUAGE_STANDARD = "gnu++14";
				CLANG_CXX_LIBRARY = "libc++";
				CLANG_ENABLE_MODULES = YES;
				CLANG_ENABLE_OBJC_ARC = YES;
				CLANG_ENABLE_OBJC_WEAK = YES;
				CLANG_WARN_BLOCK_CAPTURE_AUTORELEASING = YES;
				CLANG_WARN_BOOL_CONVERSION = YES;
				CLANG_WARN_COMMA = YES;
				CLANG_WARN_CONSTANT_CONVERSION = YES;
				CLANG_WARN_DEPRECATED_OBJC_IMPLEMENTATIONS = YES;
				CLANG_WARN_DIRECT_OBJC_ISA_USAGE = YES_ERROR;
				CLANG_WARN_DOCUMENTATION_COMMENTS = YES;
				CLANG_WARN_EMPTY_BODY = YES;
				CLANG_WARN_ENUM_CONVERSION = YES;
				CLANG_WARN_INFINITE_RECURSION = YES;
				CLANG_WARN_INT_CONVERSION = YES;
				CLANG_WARN_NON_LITERAL_NULL_CONVERSION = YES;
				CLANG_WARN_OBJC_IMPLICIT_RETAIN_SELF = YES;
				CLANG_WARN_OBJC_LITERAL_CONVERSION = YES;
				CLANG_WARN_OBJC_ROOT_CLASS = YES_ERROR;
				CLANG_WARN_RANGE_LOOP_ANALYSIS = YES;
				CLANG_WARN_STRICT_PROTOTYPES = YES;
				CLANG_WARN_SUSPICIOUS_MOVE = YES;
				CLANG_WARN_UNGUARDED_AVAILABILITY = YES_AGGRESSIVE;
				CLANG_WARN_UNREACHABLE_CODE = YES;
				CLANG_WARN__DUPLICATE_METHOD_MATCH = YES;
				COPY_PHASE_STRIP = NO;
				DEBUG_INFORMATION_FORMAT = "dwarf-with-dsym";
				ENABLE_NS_ASSERTIONS = NO;
				ENABLE_STRICT_OBJC_MSGSEND = YES;
				GCC_C_LANGUAGE_STANDARD = gnu11;
				GCC_NO_COMMON_BLOCKS = YES;
				GCC_WARN_64_TO_32_BIT_CONVERSION = YES;
				GCC_WARN_ABOUT_RETURN_TYPE = YES_ERROR;
				GCC_WARN_UNDECLARED_SELECTOR = YES;
				GCC_WARN_UNINITIALIZED_AUTOS = YES_AGGRESSIVE;
				GCC_WARN_UNUSED_FUNCTION = YES;
				GCC_WARN_UNUSED_VARIABLE = YES;
				IPHONEOS_DEPLOYMENT_TARGET = 13.5;
				MTL_ENABLE_DEBUG_INFO = NO;
				MTL_FAST_MATH = YES;
				SDKROOT = iphoneos;
				SWIFT_COMPILATION_MODE = wholemodule;
				SWIFT_OPTIMIZATION_LEVEL = "-O";
				VALIDATE_PRODUCT = YES;
			};
			name = Release;
		};
		4C2DA86324C73D470045BAD7 /* Debug */ = {
			isa = XCBuildConfiguration;
			buildSettings = {
				ASSETCATALOG_COMPILER_APPICON_NAME = AppIcon;
				CODE_SIGN_STYLE = Automatic;
				DEVELOPMENT_ASSET_PATHS = "\"BLE Demo/Preview Content\"";
				DEVELOPMENT_TEAM = 55PL542ZUV;
				ENABLE_PREVIEWS = YES;
				INFOPLIST_FILE = "BLE Demo/Info.plist";
				LD_RUNPATH_SEARCH_PATHS = (
					"$(inherited)",
					"@executable_path/Frameworks",
				);
				PRODUCT_BUNDLE_IDENTIFIER = "com.heliotropix.BLE-Demo";
				PRODUCT_NAME = "$(TARGET_NAME)";
				SWIFT_VERSION = 5.0;
				TARGETED_DEVICE_FAMILY = "1,2";
			};
			name = Debug;
		};
		4C2DA86424C73D470045BAD7 /* Release */ = {
			isa = XCBuildConfiguration;
			buildSettings = {
				ASSETCATALOG_COMPILER_APPICON_NAME = AppIcon;
				CODE_SIGN_STYLE = Automatic;
				DEVELOPMENT_ASSET_PATHS = "\"BLE Demo/Preview Content\"";
				DEVELOPMENT_TEAM = 55PL542ZUV;
				ENABLE_PREVIEWS = YES;
				INFOPLIST_FILE = "BLE Demo/Info.plist";
				LD_RUNPATH_SEARCH_PATHS = (
					"$(inherited)",
					"@executable_path/Frameworks",
				);
				PRODUCT_BUNDLE_IDENTIFIER = "com.heliotropix.BLE-Demo";
				PRODUCT_NAME = "$(TARGET_NAME)";
				SWIFT_VERSION = 5.0;
				TARGETED_DEVICE_FAMILY = "1,2";
			};
			name = Release;
		};
		4C2DA86624C73D470045BAD7 /* Debug */ = {
			isa = XCBuildConfiguration;
			buildSettings = {
				ALWAYS_EMBED_SWIFT_STANDARD_LIBRARIES = YES;
				BUNDLE_LOADER = "$(TEST_HOST)";
				CODE_SIGN_STYLE = Automatic;
				DEVELOPMENT_TEAM = 55PL542ZUV;
				INFOPLIST_FILE = "BLE DemoTests/Info.plist";
				IPHONEOS_DEPLOYMENT_TARGET = 13.5;
				LD_RUNPATH_SEARCH_PATHS = (
					"$(inherited)",
					"@executable_path/Frameworks",
					"@loader_path/Frameworks",
				);
				PRODUCT_BUNDLE_IDENTIFIER = "com.heliotropix.BLE-DemoTests";
				PRODUCT_NAME = "$(TARGET_NAME)";
				SWIFT_VERSION = 5.0;
				TARGETED_DEVICE_FAMILY = "1,2";
				TEST_HOST = "$(BUILT_PRODUCTS_DIR)/BLE Demo.app/BLE Demo";
			};
			name = Debug;
		};
		4C2DA86724C73D470045BAD7 /* Release */ = {
			isa = XCBuildConfiguration;
			buildSettings = {
				ALWAYS_EMBED_SWIFT_STANDARD_LIBRARIES = YES;
				BUNDLE_LOADER = "$(TEST_HOST)";
				CODE_SIGN_STYLE = Automatic;
				DEVELOPMENT_TEAM = 55PL542ZUV;
				INFOPLIST_FILE = "BLE DemoTests/Info.plist";
				IPHONEOS_DEPLOYMENT_TARGET = 13.5;
				LD_RUNPATH_SEARCH_PATHS = (
					"$(inherited)",
					"@executable_path/Frameworks",
					"@loader_path/Frameworks",
				);
				PRODUCT_BUNDLE_IDENTIFIER = "com.heliotropix.BLE-DemoTests";
				PRODUCT_NAME = "$(TARGET_NAME)";
				SWIFT_VERSION = 5.0;
				TARGETED_DEVICE_FAMILY = "1,2";
				TEST_HOST = "$(BUILT_PRODUCTS_DIR)/BLE Demo.app/BLE Demo";
			};
			name = Release;
		};
/* End XCBuildConfiguration section */

/* Begin XCConfigurationList section */
		4C2DA83E24C73D440045BAD7 /* Build configuration list for PBXProject "BLE Demo" */ = {
			isa = XCConfigurationList;
			buildConfigurations = (
				4C2DA86024C73D470045BAD7 /* Debug */,
				4C2DA86124C73D470045BAD7 /* Release */,
			);
			defaultConfigurationIsVisible = 0;
			defaultConfigurationName = Release;
		};
		4C2DA86224C73D470045BAD7 /* Build configuration list for PBXNativeTarget "BLE Demo" */ = {
			isa = XCConfigurationList;
			buildConfigurations = (
				4C2DA86324C73D470045BAD7 /* Debug */,
				4C2DA86424C73D470045BAD7 /* Release */,
			);
			defaultConfigurationIsVisible = 0;
			defaultConfigurationName = Release;
		};
		4C2DA86524C73D470045BAD7 /* Build configuration list for PBXNativeTarget "BLE DemoTests" */ = {
			isa = XCConfigurationList;
			buildConfigurations = (
				4C2DA86624C73D470045BAD7 /* Debug */,
				4C2DA86724C73D470045BAD7 /* Release */,
			);
			defaultConfigurationIsVisible = 0;
			defaultConfigurationName = Release;
		};
/* End XCConfigurationList section */
	};
	rootObject = 4C2DA83B24C73D440045BAD7 /* Project object */;
}
